// !$*UTF8*$!
{
	archiveVersion = 1;
	classes = {
	};
	objectVersion = 50;
	objects = {

/* Begin PBXBuildFile section */
		660A55539E3EA0762AFCE220 /* libPods-MultiVideoStreaming.a in Frameworks */ = {isa = PBXBuildFile; fileRef = 44DA4B090D68CA5AAC8C3FF6 /* libPods-MultiVideoStreaming.a */; };
		F6087CF722E614940000A637 /* MediaControlsView.swift in Sources */ = {isa = PBXBuildFile; fileRef = F6087CF622E614940000A637 /* MediaControlsView.swift */; };
		F614FD9C219BC1C000EDA431 /* AppDelegate.swift in Sources */ = {isa = PBXBuildFile; fileRef = F614FD8F219BC1C000EDA431 /* AppDelegate.swift */; };
		F614FD9D219BC1C000EDA431 /* AVFoundationManager.swift in Sources */ = {isa = PBXBuildFile; fileRef = F614FD91219BC1C000EDA431 /* AVFoundationManager.swift */; };
		F614FD9E219BC1C000EDA431 /* ChromecastManager.swift in Sources */ = {isa = PBXBuildFile; fileRef = F614FD92219BC1C000EDA431 /* ChromecastManager.swift */; };
		F614FDA1219BC1C000EDA431 /* MediaControlsViewController.swift in Sources */ = {isa = PBXBuildFile; fileRef = F614FD96219BC1C000EDA431 /* MediaControlsViewController.swift */; };
		F614FDA2219BC1C000EDA431 /* RealUIViewController.swift in Sources */ = {isa = PBXBuildFile; fileRef = F614FD97219BC1C000EDA431 /* RealUIViewController.swift */; };
		F614FDA3219BC1C000EDA431 /* ViewController.swift in Sources */ = {isa = PBXBuildFile; fileRef = F614FD98219BC1C000EDA431 /* ViewController.swift */; };
		F614FDA5219BC1C000EDA431 /* ViewUpdates.swift in Sources */ = {isa = PBXBuildFile; fileRef = F614FD9B219BC1C000EDA431 /* ViewUpdates.swift */; };
		F625DAB22284B3C2005EC540 /* AVPlayerView.swift in Sources */ = {isa = PBXBuildFile; fileRef = F625DAB12284B3C2005EC540 /* AVPlayerView.swift */; };
		F6C573A3219BC45F00F09066 /* OCDummy.m in Sources */ = {isa = PBXBuildFile; fileRef = F6C573A1219BC45E00F09066 /* OCDummy.m */; };
		F6D5C022214EDD64004BBAA8 /* Assets.xcassets in Resources */ = {isa = PBXBuildFile; fileRef = F6D5C021214EDD64004BBAA8 /* Assets.xcassets */; };
		F6D5C025214EDD64004BBAA8 /* LaunchScreen.storyboard in Resources */ = {isa = PBXBuildFile; fileRef = F6D5C023214EDD64004BBAA8 /* LaunchScreen.storyboard */; };
		F6EC9B552282851100CCBAF5 /* MediaPlayerGeneric.swift in Sources */ = {isa = PBXBuildFile; fileRef = F6EC9B542282851000CCBAF5 /* MediaPlayerGeneric.swift */; };
		F6F66EAB214EE3CC00EBE520 /* CoreText.framework in Frameworks */ = {isa = PBXBuildFile; fileRef = F6F66E9F214EE3CC00EBE520 /* CoreText.framework */; };
		F6F66EAC214EE3CC00EBE520 /* MediaAccessibility.framework in Frameworks */ = {isa = PBXBuildFile; fileRef = F6F66EA0214EE3CC00EBE520 /* MediaAccessibility.framework */; };
		F6F66EAD214EE3CC00EBE520 /* MediaPlayer.framework in Frameworks */ = {isa = PBXBuildFile; fileRef = F6F66EA1214EE3CC00EBE520 /* MediaPlayer.framework */; };
		F6F66EAE214EE3CC00EBE520 /* QuartzCore.framework in Frameworks */ = {isa = PBXBuildFile; fileRef = F6F66EA2214EE3CC00EBE520 /* QuartzCore.framework */; };
		F6F66EAF214EE3CC00EBE520 /* Foundation.framework in Frameworks */ = {isa = PBXBuildFile; fileRef = F6F66EA3214EE3CC00EBE520 /* Foundation.framework */; };
		F6F66EB0214EE3CC00EBE520 /* MediaToolbox.framework in Frameworks */ = {isa = PBXBuildFile; fileRef = F6F66EA4214EE3CC00EBE520 /* MediaToolbox.framework */; };
		F6F66EB1214EE3CC00EBE520 /* Accelerate.framework in Frameworks */ = {isa = PBXBuildFile; fileRef = F6F66EA5214EE3CC00EBE520 /* Accelerate.framework */; };
		F6F66EB2214EE3CC00EBE520 /* SystemConfiguration.framework in Frameworks */ = {isa = PBXBuildFile; fileRef = F6F66EA6214EE3CC00EBE520 /* SystemConfiguration.framework */; };
		F6F66EB3214EE3CC00EBE520 /* AVFoundation.framework in Frameworks */ = {isa = PBXBuildFile; fileRef = F6F66EA7214EE3CC00EBE520 /* AVFoundation.framework */; };
		F6F66EB4214EE3CC00EBE520 /* CoreBluetooth.framework in Frameworks */ = {isa = PBXBuildFile; fileRef = F6F66EA8214EE3CC00EBE520 /* CoreBluetooth.framework */; };
		F6F66EB5214EE3CC00EBE520 /* AudioToolbox.framework in Frameworks */ = {isa = PBXBuildFile; fileRef = F6F66EA9214EE3CC00EBE520 /* AudioToolbox.framework */; };
		F6F66EB6214EE3CC00EBE520 /* CoreGraphics.framework in Frameworks */ = {isa = PBXBuildFile; fileRef = F6F66EAA214EE3CC00EBE520 /* CoreGraphics.framework */; };
		F6FAB4E62179509C0085A098 /* Main.storyboard in Resources */ = {isa = PBXBuildFile; fileRef = F6D5C01E214EDD62004BBAA8 /* Main.storyboard */; };
/* End PBXBuildFile section */

/* Begin PBXFileReference section */
		44DA4B090D68CA5AAC8C3FF6 /* libPods-MultiVideoStreaming.a */ = {isa = PBXFileReference; explicitFileType = archive.ar; includeInIndex = 0; path = "libPods-MultiVideoStreaming.a"; sourceTree = BUILT_PRODUCTS_DIR; };
		7D4DCC61AB5B5D3C4A1543B3 /* Pods-MultiVideoStreaming.debug.xcconfig */ = {isa = PBXFileReference; includeInIndex = 1; lastKnownFileType = text.xcconfig; name = "Pods-MultiVideoStreaming.debug.xcconfig"; path = "Pods/Target Support Files/Pods-MultiVideoStreaming/Pods-MultiVideoStreaming.debug.xcconfig"; sourceTree = "<group>"; };
		E554A1748B5303CF3B7D63F9 /* Pods-MultiVideoStreaming.release.xcconfig */ = {isa = PBXFileReference; includeInIndex = 1; lastKnownFileType = text.xcconfig; name = "Pods-MultiVideoStreaming.release.xcconfig"; path = "Pods/Target Support Files/Pods-MultiVideoStreaming/Pods-MultiVideoStreaming.release.xcconfig"; sourceTree = "<group>"; };
		F6087CF622E614940000A637 /* MediaControlsView.swift */ = {isa = PBXFileReference; lastKnownFileType = sourcecode.swift; path = MediaControlsView.swift; sourceTree = "<group>"; };
		F614FD8F219BC1C000EDA431 /* AppDelegate.swift */ = {isa = PBXFileReference; fileEncoding = 4; lastKnownFileType = sourcecode.swift; path = AppDelegate.swift; sourceTree = "<group>"; };
		F614FD91219BC1C000EDA431 /* AVFoundationManager.swift */ = {isa = PBXFileReference; fileEncoding = 4; lastKnownFileType = sourcecode.swift; path = AVFoundationManager.swift; sourceTree = "<group>"; };
		F614FD92219BC1C000EDA431 /* ChromecastManager.swift */ = {isa = PBXFileReference; fileEncoding = 4; lastKnownFileType = sourcecode.swift; path = ChromecastManager.swift; sourceTree = "<group>"; };
		F614FD96219BC1C000EDA431 /* MediaControlsViewController.swift */ = {isa = PBXFileReference; fileEncoding = 4; lastKnownFileType = sourcecode.swift; path = MediaControlsViewController.swift; sourceTree = "<group>"; };
		F614FD97219BC1C000EDA431 /* RealUIViewController.swift */ = {isa = PBXFileReference; fileEncoding = 4; lastKnownFileType = sourcecode.swift; path = RealUIViewController.swift; sourceTree = "<group>"; };
		F614FD98219BC1C000EDA431 /* ViewController.swift */ = {isa = PBXFileReference; fileEncoding = 4; lastKnownFileType = sourcecode.swift; path = ViewController.swift; sourceTree = "<group>"; };
		F614FD9B219BC1C000EDA431 /* ViewUpdates.swift */ = {isa = PBXFileReference; fileEncoding = 4; lastKnownFileType = sourcecode.swift; path = ViewUpdates.swift; sourceTree = "<group>"; };
		F625DAB12284B3C2005EC540 /* AVPlayerView.swift */ = {isa = PBXFileReference; lastKnownFileType = sourcecode.swift; path = AVPlayerView.swift; sourceTree = "<group>"; };
		F68CE3CA215EE93300A0CF12 /* MultiVideoStreaming-Bridging-Header.h */ = {isa = PBXFileReference; lastKnownFileType = sourcecode.c.h; path = "MultiVideoStreaming-Bridging-Header.h"; sourceTree = "<group>"; };
		F6C573A1219BC45E00F09066 /* OCDummy.m */ = {isa = PBXFileReference; fileEncoding = 4; lastKnownFileType = sourcecode.c.objc; path = OCDummy.m; sourceTree = "<group>"; };
		F6D5C017214EDD62004BBAA8 /* MultiVideoStreaming.app */ = {isa = PBXFileReference; explicitFileType = wrapper.application; includeInIndex = 0; path = MultiVideoStreaming.app; sourceTree = BUILT_PRODUCTS_DIR; };
		F6D5C01F214EDD62004BBAA8 /* Base */ = {isa = PBXFileReference; lastKnownFileType = file.storyboard; name = Base; path = Base.lproj/Main.storyboard; sourceTree = "<group>"; };
		F6D5C021214EDD64004BBAA8 /* Assets.xcassets */ = {isa = PBXFileReference; lastKnownFileType = folder.assetcatalog; path = Assets.xcassets; sourceTree = "<group>"; };
		F6D5C024214EDD64004BBAA8 /* Base */ = {isa = PBXFileReference; lastKnownFileType = file.storyboard; name = Base; path = Base.lproj/LaunchScreen.storyboard; sourceTree = "<group>"; };
		F6EC9B542282851000CCBAF5 /* MediaPlayerGeneric.swift */ = {isa = PBXFileReference; fileEncoding = 4; lastKnownFileType = sourcecode.swift; name = MediaPlayerGeneric.swift; path = MultiVideoStreaming/Source/DeviceSupport/MediaPlayerGeneric.swift; sourceTree = SOURCE_ROOT; };
		F6F66E9F214EE3CC00EBE520 /* CoreText.framework */ = {isa = PBXFileReference; lastKnownFileType = wrapper.framework; name = CoreText.framework; path = System/Library/Frameworks/CoreText.framework; sourceTree = SDKROOT; };
		F6F66EA0214EE3CC00EBE520 /* MediaAccessibility.framework */ = {isa = PBXFileReference; lastKnownFileType = wrapper.framework; name = MediaAccessibility.framework; path = System/Library/Frameworks/MediaAccessibility.framework; sourceTree = SDKROOT; };
		F6F66EA1214EE3CC00EBE520 /* MediaPlayer.framework */ = {isa = PBXFileReference; lastKnownFileType = wrapper.framework; name = MediaPlayer.framework; path = System/Library/Frameworks/MediaPlayer.framework; sourceTree = SDKROOT; };
		F6F66EA2214EE3CC00EBE520 /* QuartzCore.framework */ = {isa = PBXFileReference; lastKnownFileType = wrapper.framework; name = QuartzCore.framework; path = System/Library/Frameworks/QuartzCore.framework; sourceTree = SDKROOT; };
		F6F66EA3214EE3CC00EBE520 /* Foundation.framework */ = {isa = PBXFileReference; lastKnownFileType = wrapper.framework; name = Foundation.framework; path = System/Library/Frameworks/Foundation.framework; sourceTree = SDKROOT; };
		F6F66EA4214EE3CC00EBE520 /* MediaToolbox.framework */ = {isa = PBXFileReference; lastKnownFileType = wrapper.framework; name = MediaToolbox.framework; path = System/Library/Frameworks/MediaToolbox.framework; sourceTree = SDKROOT; };
		F6F66EA5214EE3CC00EBE520 /* Accelerate.framework */ = {isa = PBXFileReference; lastKnownFileType = wrapper.framework; name = Accelerate.framework; path = System/Library/Frameworks/Accelerate.framework; sourceTree = SDKROOT; };
		F6F66EA6214EE3CC00EBE520 /* SystemConfiguration.framework */ = {isa = PBXFileReference; lastKnownFileType = wrapper.framework; name = SystemConfiguration.framework; path = System/Library/Frameworks/SystemConfiguration.framework; sourceTree = SDKROOT; };
		F6F66EA7214EE3CC00EBE520 /* AVFoundation.framework */ = {isa = PBXFileReference; lastKnownFileType = wrapper.framework; name = AVFoundation.framework; path = System/Library/Frameworks/AVFoundation.framework; sourceTree = SDKROOT; };
		F6F66EA8214EE3CC00EBE520 /* CoreBluetooth.framework */ = {isa = PBXFileReference; lastKnownFileType = wrapper.framework; name = CoreBluetooth.framework; path = System/Library/Frameworks/CoreBluetooth.framework; sourceTree = SDKROOT; };
		F6F66EA9214EE3CC00EBE520 /* AudioToolbox.framework */ = {isa = PBXFileReference; lastKnownFileType = wrapper.framework; name = AudioToolbox.framework; path = System/Library/Frameworks/AudioToolbox.framework; sourceTree = SDKROOT; };
		F6F66EAA214EE3CC00EBE520 /* CoreGraphics.framework */ = {isa = PBXFileReference; lastKnownFileType = wrapper.framework; name = CoreGraphics.framework; path = System/Library/Frameworks/CoreGraphics.framework; sourceTree = SDKROOT; };
/* End PBXFileReference section */

/* Begin PBXFrameworksBuildPhase section */
		F6D5C014214EDD62004BBAA8 /* Frameworks */ = {
			isa = PBXFrameworksBuildPhase;
			buildActionMask = 2147483647;
			files = (
				F6F66EB1214EE3CC00EBE520 /* Accelerate.framework in Frameworks */,
				F6F66EB5214EE3CC00EBE520 /* AudioToolbox.framework in Frameworks */,
				F6F66EB3214EE3CC00EBE520 /* AVFoundation.framework in Frameworks */,
				F6F66EB4214EE3CC00EBE520 /* CoreBluetooth.framework in Frameworks */,
				F6F66EB6214EE3CC00EBE520 /* CoreGraphics.framework in Frameworks */,
				F6F66EAB214EE3CC00EBE520 /* CoreText.framework in Frameworks */,
				F6F66EAF214EE3CC00EBE520 /* Foundation.framework in Frameworks */,
				F6F66EAC214EE3CC00EBE520 /* MediaAccessibility.framework in Frameworks */,
				F6F66EAD214EE3CC00EBE520 /* MediaPlayer.framework in Frameworks */,
				F6F66EB0214EE3CC00EBE520 /* MediaToolbox.framework in Frameworks */,
				F6F66EAE214EE3CC00EBE520 /* QuartzCore.framework in Frameworks */,
				F6F66EB2214EE3CC00EBE520 /* SystemConfiguration.framework in Frameworks */,
				660A55539E3EA0762AFCE220 /* libPods-MultiVideoStreaming.a in Frameworks */,
			);
			runOnlyForDeploymentPostprocessing = 0;
		};
/* End PBXFrameworksBuildPhase section */

/* Begin PBXGroup section */
		14FCA132BFCDED9E464A1485 /* Frameworks */ = {
			isa = PBXGroup;
			children = (
				F6F66EA5214EE3CC00EBE520 /* Accelerate.framework */,
				F6F66EA9214EE3CC00EBE520 /* AudioToolbox.framework */,
				F6F66EA7214EE3CC00EBE520 /* AVFoundation.framework */,
				F6F66EA8214EE3CC00EBE520 /* CoreBluetooth.framework */,
				F6F66EAA214EE3CC00EBE520 /* CoreGraphics.framework */,
				F6F66E9F214EE3CC00EBE520 /* CoreText.framework */,
				F6F66EA3214EE3CC00EBE520 /* Foundation.framework */,
				F6F66EA0214EE3CC00EBE520 /* MediaAccessibility.framework */,
				F6F66EA1214EE3CC00EBE520 /* MediaPlayer.framework */,
				F6F66EA4214EE3CC00EBE520 /* MediaToolbox.framework */,
				F6F66EA2214EE3CC00EBE520 /* QuartzCore.framework */,
				F6F66EA6214EE3CC00EBE520 /* SystemConfiguration.framework */,
				44DA4B090D68CA5AAC8C3FF6 /* libPods-MultiVideoStreaming.a */,
			);
			name = Frameworks;
			sourceTree = "<group>";
		};
		6F8B2971E104135CAF77DAEC /* Pods */ = {
			isa = PBXGroup;
			children = (
				7D4DCC61AB5B5D3C4A1543B3 /* Pods-MultiVideoStreaming.debug.xcconfig */,
				E554A1748B5303CF3B7D63F9 /* Pods-MultiVideoStreaming.release.xcconfig */,
			);
			name = Pods;
			sourceTree = "<group>";
		};
		F6087CF522E614550000A637 /* Views */ = {
			isa = PBXGroup;
			children = (
				F6087CF622E614940000A637 /* MediaControlsView.swift */,
			);
			path = Views;
			sourceTree = "<group>";
		};
		F614FD8E219BC1C000EDA431 /* Source */ = {
			isa = PBXGroup;
			children = (
				F6087CF522E614550000A637 /* Views */,
				F614FD90219BC1C000EDA431 /* DeviceSupport */,
				F614FD94219BC1C000EDA431 /* ViewControllers */,
				F614FD99219BC1C000EDA431 /* ViewUpdates */,
			);
			path = Source;
			sourceTree = "<group>";
		};
		F614FD90219BC1C000EDA431 /* DeviceSupport */ = {
			isa = PBXGroup;
			children = (
				F6EC9B542282851000CCBAF5 /* MediaPlayerGeneric.swift */,
				F614FD91219BC1C000EDA431 /* AVFoundationManager.swift */,
				F614FD92219BC1C000EDA431 /* ChromecastManager.swift */,
			);
			path = DeviceSupport;
			sourceTree = "<group>";
		};
		F614FD94219BC1C000EDA431 /* ViewControllers */ = {
			isa = PBXGroup;
			children = (
				F614FD96219BC1C000EDA431 /* MediaControlsViewController.swift */,
				F614FD97219BC1C000EDA431 /* RealUIViewController.swift */,
				F614FD98219BC1C000EDA431 /* ViewController.swift */,
				F625DAB12284B3C2005EC540 /* AVPlayerView.swift */,
			);
			path = ViewControllers;
			sourceTree = "<group>";
		};
		F614FD99219BC1C000EDA431 /* ViewUpdates */ = {
			isa = PBXGroup;
			children = (
				F614FD9B219BC1C000EDA431 /* ViewUpdates.swift */,
			);
			path = ViewUpdates;
			sourceTree = "<group>";
		};
		F6C5739F219BC45E00F09066 /* AppSupport */ = {
			isa = PBXGroup;
			children = (
				F6C573A1219BC45E00F09066 /* OCDummy.m */,
			);
			path = AppSupport;
			sourceTree = "<group>";
		};
		F6D5C00E214EDD62004BBAA8 = {
			isa = PBXGroup;
			children = (
				F6D5C019214EDD62004BBAA8 /* MultiVideoStreaming */,
				F6D5C018214EDD62004BBAA8 /* Products */,
				6F8B2971E104135CAF77DAEC /* Pods */,
				14FCA132BFCDED9E464A1485 /* Frameworks */,
			);
			sourceTree = "<group>";
		};
		F6D5C018214EDD62004BBAA8 /* Products */ = {
			isa = PBXGroup;
			children = (
				F6D5C017214EDD62004BBAA8 /* MultiVideoStreaming.app */,
			);
			name = Products;
			sourceTree = "<group>";
		};
		F6D5C019214EDD62004BBAA8 /* MultiVideoStreaming */ = {
			isa = PBXGroup;
			children = (
				F614FD8E219BC1C000EDA431 /* Source */,
				F6D5C01E214EDD62004BBAA8 /* Main.storyboard */,
				F614FD8F219BC1C000EDA431 /* AppDelegate.swift */,
				F6D5C021214EDD64004BBAA8 /* Assets.xcassets */,
				F6D5C023214EDD64004BBAA8 /* LaunchScreen.storyboard */,
				F68CE3CA215EE93300A0CF12 /* MultiVideoStreaming-Bridging-Header.h */,
				F6C5739F219BC45E00F09066 /* AppSupport */,
			);
			path = MultiVideoStreaming;
			sourceTree = "<group>";
		};
/* End PBXGroup section */

/* Begin PBXNativeTarget section */
		F6D5C016214EDD62004BBAA8 /* MultiVideoStreaming */ = {
			isa = PBXNativeTarget;
			buildConfigurationList = F6D5C029214EDD64004BBAA8 /* Build configuration list for PBXNativeTarget "MultiVideoStreaming" */;
			buildPhases = (
				498313472F83971514CB367E /* [CP] Check Pods Manifest.lock */,
				F6D5C013214EDD62004BBAA8 /* Sources */,
				F6D5C014214EDD62004BBAA8 /* Frameworks */,
				F6D5C015214EDD62004BBAA8 /* Resources */,
				7714DD2F71C8E47B87CD3BFE /* [CP] Copy Pods Resources */,
			);
			buildRules = (
			);
			dependencies = (
			);
			name = MultiVideoStreaming;
			productName = MultiVideoStreaming;
			productReference = F6D5C017214EDD62004BBAA8 /* MultiVideoStreaming.app */;
			productType = "com.apple.product-type.application";
		};
/* End PBXNativeTarget section */

/* Begin PBXProject section */
		F6D5C00F214EDD62004BBAA8 /* Project object */ = {
			isa = PBXProject;
			attributes = {
				LastSwiftUpdateCheck = 1000;
				LastUpgradeCheck = 1000;
				ORGANIZATIONNAME = doughill;
				TargetAttributes = {
					F6D5C016214EDD62004BBAA8 = {
						CreatedOnToolsVersion = 10.0;
						LastSwiftMigration = 1020;
					};
				};
			};
			buildConfigurationList = F6D5C012214EDD62004BBAA8 /* Build configuration list for PBXProject "MultiVideoStreaming" */;
			compatibilityVersion = "Xcode 9.3";
			developmentRegion = en;
			hasScannedForEncodings = 0;
			knownRegions = (
				en,
				Base,
			);
			mainGroup = F6D5C00E214EDD62004BBAA8;
			productRefGroup = F6D5C018214EDD62004BBAA8 /* Products */;
			projectDirPath = "";
			projectRoot = "";
			targets = (
				F6D5C016214EDD62004BBAA8 /* MultiVideoStreaming */,
			);
		};
/* End PBXProject section */

/* Begin PBXResourcesBuildPhase section */
		F6D5C015214EDD62004BBAA8 /* Resources */ = {
			isa = PBXResourcesBuildPhase;
			buildActionMask = 2147483647;
			files = (
				F6FAB4E62179509C0085A098 /* Main.storyboard in Resources */,
				F6D5C025214EDD64004BBAA8 /* LaunchScreen.storyboard in Resources */,
				F6D5C022214EDD64004BBAA8 /* Assets.xcassets in Resources */,
			);
			runOnlyForDeploymentPostprocessing = 0;
		};
/* End PBXResourcesBuildPhase section */

/* Begin PBXShellScriptBuildPhase section */
		498313472F83971514CB367E /* [CP] Check Pods Manifest.lock */ = {
			isa = PBXShellScriptBuildPhase;
			buildActionMask = 2147483647;
			files = (
			);
			inputFileListPaths = (
			);
			inputPaths = (
				"${PODS_PODFILE_DIR_PATH}/Podfile.lock",
				"${PODS_ROOT}/Manifest.lock",
			);
			name = "[CP] Check Pods Manifest.lock";
			outputFileListPaths = (
			);
			outputPaths = (
				"$(DERIVED_FILE_DIR)/Pods-MultiVideoStreaming-checkManifestLockResult.txt",
			);
			runOnlyForDeploymentPostprocessing = 0;
			shellPath = /bin/sh;
			shellScript = "diff \"${PODS_PODFILE_DIR_PATH}/Podfile.lock\" \"${PODS_ROOT}/Manifest.lock\" > /dev/null\nif [ $? != 0 ] ; then\n    # print error to STDERR\n    echo \"error: The sandbox is not in sync with the Podfile.lock. Run 'pod install' or update your CocoaPods installation.\" >&2\n    exit 1\nfi\n# This output is used by Xcode 'outputs' to avoid re-running this script phase.\necho \"SUCCESS\" > \"${SCRIPT_OUTPUT_FILE_0}\"\n";
			showEnvVarsInLog = 0;
		};
		7714DD2F71C8E47B87CD3BFE /* [CP] Copy Pods Resources */ = {
			isa = PBXShellScriptBuildPhase;
			buildActionMask = 2147483647;
			files = (
			);
			inputFileListPaths = (
			);
			inputPaths = (
				"${PODS_ROOT}/Target Support Files/Pods-MultiVideoStreaming/Pods-MultiVideoStreaming-resources.sh",
				"${PODS_ROOT}/google-cast-sdk/GoogleCastSDK-ios-4.3.2_static/GoogleCast.framework/GoogleCastCoreResources.bundle",
				"${PODS_ROOT}/google-cast-sdk/GoogleCastSDK-ios-4.3.2_static/GoogleCast.framework/GoogleCastUIResources.bundle",
			);
			name = "[CP] Copy Pods Resources";
			outputFileListPaths = (
			);
			outputPaths = (
				"${TARGET_BUILD_DIR}/${UNLOCALIZED_RESOURCES_FOLDER_PATH}/GoogleCastCoreResources.bundle",
				"${TARGET_BUILD_DIR}/${UNLOCALIZED_RESOURCES_FOLDER_PATH}/GoogleCastUIResources.bundle",
			);
			runOnlyForDeploymentPostprocessing = 0;
			shellPath = /bin/sh;
			shellScript = "\"${PODS_ROOT}/Target Support Files/Pods-MultiVideoStreaming/Pods-MultiVideoStreaming-resources.sh\"\n";
			showEnvVarsInLog = 0;
		};
/* End PBXShellScriptBuildPhase section */

/* Begin PBXSourcesBuildPhase section */
		F6D5C013214EDD62004BBAA8 /* Sources */ = {
			isa = PBXSourcesBuildPhase;
			buildActionMask = 2147483647;
			files = (
				F625DAB22284B3C2005EC540 /* AVPlayerView.swift in Sources */,
				F614FD9C219BC1C000EDA431 /* AppDelegate.swift in Sources */,
				F614FDA1219BC1C000EDA431 /* MediaControlsViewController.swift in Sources */,
				F614FD9D219BC1C000EDA431 /* AVFoundationManager.swift in Sources */,
				F614FDA5219BC1C000EDA431 /* ViewUpdates.swift in Sources */,
				F6087CF722E614940000A637 /* MediaControlsView.swift in Sources */,
				F614FDA2219BC1C000EDA431 /* RealUIViewController.swift in Sources */,
				F6C573A3219BC45F00F09066 /* OCDummy.m in Sources */,
				F6EC9B552282851100CCBAF5 /* MediaPlayerGeneric.swift in Sources */,
				F614FDA3219BC1C000EDA431 /* ViewController.swift in Sources */,
				F614FD9E219BC1C000EDA431 /* ChromecastManager.swift in Sources */,
			);
			runOnlyForDeploymentPostprocessing = 0;
		};
/* End PBXSourcesBuildPhase section */

/* Begin PBXVariantGroup section */
		F6D5C01E214EDD62004BBAA8 /* Main.storyboard */ = {
			isa = PBXVariantGroup;
			children = (
				F6D5C01F214EDD62004BBAA8 /* Base */,
			);
			name = Main.storyboard;
			sourceTree = "<group>";
		};
		F6D5C023214EDD64004BBAA8 /* LaunchScreen.storyboard */ = {
			isa = PBXVariantGroup;
			children = (
				F6D5C024214EDD64004BBAA8 /* Base */,
			);
			name = LaunchScreen.storyboard;
			sourceTree = "<group>";
		};
/* End PBXVariantGroup section */

/* Begin XCBuildConfiguration section */
		F6D5C027214EDD64004BBAA8 /* Debug */ = {
			isa = XCBuildConfiguration;
			buildSettings = {
				ALWAYS_SEARCH_USER_PATHS = NO;
				CLANG_ALLOW_NON_MODULAR_INCLUDES_IN_FRAMEWORK_MODULES = YES;
				CLANG_ANALYZER_NONNULL = YES;
				CLANG_ANALYZER_NUMBER_OBJECT_CONVERSION = YES_AGGRESSIVE;
				CLANG_CXX_LANGUAGE_STANDARD = "gnu++14";
				CLANG_CXX_LIBRARY = "libc++";
				CLANG_ENABLE_MODULES = YES;
				CLANG_ENABLE_OBJC_ARC = YES;
				CLANG_ENABLE_OBJC_WEAK = YES;
				CLANG_WARN_BLOCK_CAPTURE_AUTORELEASING = YES;
				CLANG_WARN_BOOL_CONVERSION = YES;
				CLANG_WARN_COMMA = YES;
				CLANG_WARN_CONSTANT_CONVERSION = YES;
				CLANG_WARN_DEPRECATED_OBJC_IMPLEMENTATIONS = YES;
				CLANG_WARN_DIRECT_OBJC_ISA_USAGE = YES_ERROR;
				CLANG_WARN_DOCUMENTATION_COMMENTS = YES;
				CLANG_WARN_EMPTY_BODY = YES;
				CLANG_WARN_ENUM_CONVERSION = YES;
				CLANG_WARN_INFINITE_RECURSION = YES;
				CLANG_WARN_INT_CONVERSION = YES;
				CLANG_WARN_NON_LITERAL_NULL_CONVERSION = YES;
				CLANG_WARN_OBJC_IMPLICIT_RETAIN_SELF = YES;
				CLANG_WARN_OBJC_LITERAL_CONVERSION = YES;
				CLANG_WARN_OBJC_ROOT_CLASS = YES_ERROR;
				CLANG_WARN_RANGE_LOOP_ANALYSIS = YES;
				CLANG_WARN_STRICT_PROTOTYPES = YES;
				CLANG_WARN_SUSPICIOUS_MOVE = YES;
				CLANG_WARN_UNGUARDED_AVAILABILITY = YES_AGGRESSIVE;
				CLANG_WARN_UNREACHABLE_CODE = YES;
				CLANG_WARN__DUPLICATE_METHOD_MATCH = YES;
				CODE_SIGN_IDENTITY = "iPhone Developer";
				COPY_PHASE_STRIP = NO;
				DEBUG_INFORMATION_FORMAT = dwarf;
				ENABLE_STRICT_OBJC_MSGSEND = YES;
				ENABLE_TESTABILITY = YES;
				GCC_C_LANGUAGE_STANDARD = gnu11;
				GCC_DYNAMIC_NO_PIC = NO;
				GCC_NO_COMMON_BLOCKS = YES;
				GCC_OPTIMIZATION_LEVEL = 0;
				GCC_PREPROCESSOR_DEFINITIONS = (
					"DEBUG=1",
					"$(inherited)",
				);
				GCC_WARN_64_TO_32_BIT_CONVERSION = YES;
				GCC_WARN_ABOUT_RETURN_TYPE = YES_ERROR;
				GCC_WARN_UNDECLARED_SELECTOR = YES;
				GCC_WARN_UNINITIALIZED_AUTOS = YES_AGGRESSIVE;
				GCC_WARN_UNUSED_FUNCTION = YES;
				GCC_WARN_UNUSED_VARIABLE = YES;
				IPHONEOS_DEPLOYMENT_TARGET = 12.0;
				MTL_ENABLE_DEBUG_INFO = INCLUDE_SOURCE;
				MTL_FAST_MATH = YES;
				ONLY_ACTIVE_ARCH = YES;
				SDKROOT = iphoneos;
				SWIFT_ACTIVE_COMPILATION_CONDITIONS = DEBUG;
				SWIFT_OPTIMIZATION_LEVEL = "-Onone";
			};
			name = Debug;
		};
		F6D5C028214EDD64004BBAA8 /* Release */ = {
			isa = XCBuildConfiguration;
			buildSettings = {
				ALWAYS_SEARCH_USER_PATHS = NO;
				CLANG_ALLOW_NON_MODULAR_INCLUDES_IN_FRAMEWORK_MODULES = YES;
				CLANG_ANALYZER_NONNULL = YES;
				CLANG_ANALYZER_NUMBER_OBJECT_CONVERSION = YES_AGGRESSIVE;
				CLANG_CXX_LANGUAGE_STANDARD = "gnu++14";
				CLANG_CXX_LIBRARY = "libc++";
				CLANG_ENABLE_MODULES = YES;
				CLANG_ENABLE_OBJC_ARC = YES;
				CLANG_ENABLE_OBJC_WEAK = YES;
				CLANG_WARN_BLOCK_CAPTURE_AUTORELEASING = YES;
				CLANG_WARN_BOOL_CONVERSION = YES;
				CLANG_WARN_COMMA = YES;
				CLANG_WARN_CONSTANT_CONVERSION = YES;
				CLANG_WARN_DEPRECATED_OBJC_IMPLEMENTATIONS = YES;
				CLANG_WARN_DIRECT_OBJC_ISA_USAGE = YES_ERROR;
				CLANG_WARN_DOCUMENTATION_COMMENTS = YES;
				CLANG_WARN_EMPTY_BODY = YES;
				CLANG_WARN_ENUM_CONVERSION = YES;
				CLANG_WARN_INFINITE_RECURSION = YES;
				CLANG_WARN_INT_CONVERSION = YES;
				CLANG_WARN_NON_LITERAL_NULL_CONVERSION = YES;
				CLANG_WARN_OBJC_IMPLICIT_RETAIN_SELF = YES;
				CLANG_WARN_OBJC_LITERAL_CONVERSION = YES;
				CLANG_WARN_OBJC_ROOT_CLASS = YES_ERROR;
				CLANG_WARN_RANGE_LOOP_ANALYSIS = YES;
				CLANG_WARN_STRICT_PROTOTYPES = YES;
				CLANG_WARN_SUSPICIOUS_MOVE = YES;
				CLANG_WARN_UNGUARDED_AVAILABILITY = YES_AGGRESSIVE;
				CLANG_WARN_UNREACHABLE_CODE = YES;
				CLANG_WARN__DUPLICATE_METHOD_MATCH = YES;
				CODE_SIGN_IDENTITY = "iPhone Developer";
				COPY_PHASE_STRIP = NO;
				DEBUG_INFORMATION_FORMAT = "dwarf-with-dsym";
				ENABLE_NS_ASSERTIONS = NO;
				ENABLE_STRICT_OBJC_MSGSEND = YES;
				GCC_C_LANGUAGE_STANDARD = gnu11;
				GCC_NO_COMMON_BLOCKS = YES;
				GCC_WARN_64_TO_32_BIT_CONVERSION = YES;
				GCC_WARN_ABOUT_RETURN_TYPE = YES_ERROR;
				GCC_WARN_UNDECLARED_SELECTOR = YES;
				GCC_WARN_UNINITIALIZED_AUTOS = YES_AGGRESSIVE;
				GCC_WARN_UNUSED_FUNCTION = YES;
				GCC_WARN_UNUSED_VARIABLE = YES;
				IPHONEOS_DEPLOYMENT_TARGET = 12.0;
				MTL_ENABLE_DEBUG_INFO = NO;
				MTL_FAST_MATH = YES;
				SDKROOT = iphoneos;
				SWIFT_COMPILATION_MODE = wholemodule;
				SWIFT_OPTIMIZATION_LEVEL = "-O";
				VALIDATE_PRODUCT = YES;
			};
			name = Release;
		};
		F6D5C02A214EDD64004BBAA8 /* Debug */ = {
			isa = XCBuildConfiguration;
			baseConfigurationReference = 7D4DCC61AB5B5D3C4A1543B3 /* Pods-MultiVideoStreaming.debug.xcconfig */;
			buildSettings = {
				ASSETCATALOG_COMPILER_APPICON_NAME = AppIcon;
				CLANG_ALLOW_NON_MODULAR_INCLUDES_IN_FRAMEWORK_MODULES = YES;
				CLANG_ENABLE_MODULES = YES;
				CODE_SIGN_STYLE = Automatic;
				DEVELOPMENT_TEAM = 8447SZV72Y;
				INFOPLIST_FILE = MultiVideoStreaming/AppSupport/Info.plist;
				LD_RUNPATH_SEARCH_PATHS = (
					"$(inherited)",
					"@executable_path/Frameworks",
				);
				PRODUCT_BUNDLE_IDENTIFIER = com.doughill.MultiVideoStreaming;
				PRODUCT_NAME = "$(TARGET_NAME)";
				SWIFT_OBJC_BRIDGING_HEADER = "MultiVideoStreaming/MultiVideoStreaming-Bridging-Header.h";
				SWIFT_OPTIMIZATION_LEVEL = "-Onone";
				SWIFT_VERSION = 5.0;
				TARGETED_DEVICE_FAMILY = "1,2";
			};
			name = Debug;
		};
		F6D5C02B214EDD64004BBAA8 /* Release */ = {
			isa = XCBuildConfiguration;
			baseConfigurationReference = E554A1748B5303CF3B7D63F9 /* Pods-MultiVideoStreaming.release.xcconfig */;
			buildSettings = {
				ASSETCATALOG_COMPILER_APPICON_NAME = AppIcon;
				CLANG_ALLOW_NON_MODULAR_INCLUDES_IN_FRAMEWORK_MODULES = YES;
				CLANG_ENABLE_MODULES = YES;
				CODE_SIGN_STYLE = Automatic;
				DEVELOPMENT_TEAM = 8447SZV72Y;
				INFOPLIST_FILE = MultiVideoStreaming/AppSupport/Info.plist;
				LD_RUNPATH_SEARCH_PATHS = (
					"$(inherited)",
					"@executable_path/Frameworks",
				);
				PRODUCT_BUNDLE_IDENTIFIER = com.doughill.MultiVideoStreaming;
				PRODUCT_NAME = "$(TARGET_NAME)";
				SWIFT_OBJC_BRIDGING_HEADER = "MultiVideoStreaming/MultiVideoStreaming-Bridging-Header.h";
				SWIFT_VERSION = 5.0;
				TARGETED_DEVICE_FAMILY = "1,2";
			};
			name = Release;
		};
/* End XCBuildConfiguration section */

/* Begin XCConfigurationList section */
		F6D5C012214EDD62004BBAA8 /* Build configuration list for PBXProject "MultiVideoStreaming" */ = {
			isa = XCConfigurationList;
			buildConfigurations = (
				F6D5C027214EDD64004BBAA8 /* Debug */,
				F6D5C028214EDD64004BBAA8 /* Release */,
			);
			defaultConfigurationIsVisible = 0;
			defaultConfigurationName = Release;
		};
		F6D5C029214EDD64004BBAA8 /* Build configuration list for PBXNativeTarget "MultiVideoStreaming" */ = {
			isa = XCConfigurationList;
			buildConfigurations = (
				F6D5C02A214EDD64004BBAA8 /* Debug */,
				F6D5C02B214EDD64004BBAA8 /* Release */,
			);
			defaultConfigurationIsVisible = 0;
			defaultConfigurationName = Release;
		};
/* End XCConfigurationList section */
	};
	rootObject = F6D5C00F214EDD62004BBAA8 /* Project object */;
}
